
Microsoft Visual Studio Solution File, Format Version 11.00
# Visual Studio 2010
Project("{FAE04EC0-301F-11D3-BF4B-00C04F79EFBC}") = "BASEketballGame", "BASEketballGame\BASEketballGame\BASEketballGame.csproj", "{153A39E8-9C93-4F89-9088-7FDAB543DAB6}"
EndProject
Project("{FAE04EC0-301F-11D3-BF4B-00C04F79EFBC}") = "BASEketballGameLib", "BASEketballGame\BASEketballGameLib\BASEketballGameLib.csproj", "{7F9F31E4-D0E9-4AF6-9BA6-18DFBBD4F439}"
EndProject
Project("{96E2B04D-8817-42C6-938A-82C39BA4D311}") = "BASEketballGameLibContent", "BASEketballGame\BASEketballGameLibContent\BASEketballGameLibContent.contentproj", "{8CABC445-0FC1-49E8-8FB7-2E28F3F780B8}"
EndProject
Global
	GlobalSection(SolutionConfigurationPlatforms) = preSolution
		Debug|Any CPU = Debug|Any CPU
		Debug|Mixed Platforms = Debug|Mixed Platforms
		Debug|Windows Phone = Debug|Windows Phone
		Release|Any CPU = Release|Any CPU
		Release|Mixed Platforms = Release|Mixed Platforms
		Release|Windows Phone = Release|Windows Phone
	EndGlobalSection
	GlobalSection(ProjectConfigurationPlatforms) = postSolution
		{153A39E8-9C93-4F89-9088-7FDAB543DAB6}.Debug|Any CPU.ActiveCfg = Debug|Any CPU
		{153A39E8-9C93-4F89-9088-7FDAB543DAB6}.Debug|Any CPU.Build.0 = Debug|Any CPU
		{153A39E8-9C93-4F89-9088-7FDAB543DAB6}.Debug|Any CPU.Deploy.0 = Debug|Any CPU
		{153A39E8-9C93-4F89-9088-7FDAB543DAB6}.Debug|Mixed Platforms.ActiveCfg = Debug|Any CPU
		{153A39E8-9C93-4F89-9088-7FDAB543DAB6}.Debug|Mixed Platforms.Build.0 = Debug|Any CPU
		{153A39E8-9C93-4F89-9088-7FDAB543DAB6}.Debug|Mixed Platforms.Deploy.0 = Debug|Any CPU
		{153A39E8-9C93-4F89-9088-7FDAB543DAB6}.Debug|Windows Phone.ActiveCfg = Debug|Any CPU
		{153A39E8-9C93-4F89-9088-7FDAB543DAB6}.Release|Any CPU.ActiveCfg = Release|Any CPU
		{153A39E8-9C93-4F89-9088-7FDAB543DAB6}.Release|Any CPU.Build.0 = Release|Any CPU
		{153A39E8-9C93-4F89-9088-7FDAB543DAB6}.Release|Any CPU.Deploy.0 = Release|Any CPU
		{153A39E8-9C93-4F89-9088-7FDAB543DAB6}.Release|Mixed Platforms.ActiveCfg = Release|Any CPU
		{153A39E8-9C93-4F89-9088-7FDAB543DAB6}.Release|Mixed Platforms.Build.0 = Release|Any CPU
		{153A39E8-9C93-4F89-9088-7FDAB543DAB6}.Release|Mixed Platforms.Deploy.0 = Release|Any CPU
		{153A39E8-9C93-4F89-9088-7FDAB543DAB6}.Release|Windows Phone.ActiveCfg = Release|Any CPU
		{7F9F31E4-D0E9-4AF6-9BA6-18DFBBD4F439}.Debug|Any CPU.ActiveCfg = Debug|Windows Phone
		{7F9F31E4-D0E9-4AF6-9BA6-18DFBBD4F439}.Debug|Mixed Platforms.ActiveCfg = Debug|Windows Phone
		{7F9F31E4-D0E9-4AF6-9BA6-18DFBBD4F439}.Debug|Mixed Platforms.Build.0 = Debug|Windows Phone
		{7F9F31E4-D0E9-4AF6-9BA6-18DFBBD4F439}.Debug|Windows Phone.ActiveCfg = Debug|Windows Phone
		{7F9F31E4-D0E9-4AF6-9BA6-18DFBBD4F439}.Debug|Windows Phone.Build.0 = Debug|Windows Phone
		{7F9F31E4-D0E9-4AF6-9BA6-18DFBBD4F439}.Release|Any CPU.ActiveCfg = Release|Windows Phone
		{7F9F31E4-D0E9-4AF6-9BA6-18DFBBD4F439}.Release|Mixed Platforms.ActiveCfg = Release|Windows Phone
		{7F9F31E4-D0E9-4AF6-9BA6-18DFBBD4F439}.Release|Mixed Platforms.Build.0 = Release|Windows Phone
		{7F9F31E4-D0E9-4AF6-9BA6-18DFBBD4F439}.Release|Windows Phone.ActiveCfg = Release|Windows Phone
		{7F9F31E4-D0E9-4AF6-9BA6-18DFBBD4F439}.Release|Windows Phone.Build.0 = Release|Windows Phone
		{8CABC445-0FC1-49E8-8FB7-2E28F3F780B8}.Debug|Any CPU.ActiveCfg = Debug|Any CPU
		{8CABC445-0FC1-49E8-8FB7-2E28F3F780B8}.Debug|Mixed Platforms.ActiveCfg = Debug|Any CPU
		{8CABC445-0FC1-49E8-8FB7-2E28F3F780B8}.Debug|Windows Phone.ActiveCfg = Debug|Any CPU
		{8CABC445-0FC1-49E8-8FB7-2E28F3F780B8}.Release|Any CPU.ActiveCfg = Debug|Any CPU
		{8CABC445-0FC1-49E8-8FB7-2E28F3F780B8}.Release|Mixed Platforms.ActiveCfg = Debug|Any CPU
		{8CABC445-0FC1-49E8-8FB7-2E28F3F780B8}.Release|Windows Phone.ActiveCfg = Debug|Any CPU
	EndGlobalSection
	GlobalSection(SolutionProperties) = preSolution
		HideSolutionNode = FALSE
	EndGlobalSection
EndGlobal
